
Microsoft Visual Studio Solution File, Format Version 12.00
# Visual Studio Version 17
VisualStudioVersion = 17.14.36414.22 d17.14
MinimumVisualStudioVersion = 10.0.40219.1
Project("{FAE04EC0-301F-11D3-BF4B-00C04F79EFBC}") = "WPF_Exercice6_Nathan", "WPF_Exercice6_Nathan.csproj", "{2FF28385-FB05-48E5-AF42-612F844FDBBD}"
EndProject
Global
	GlobalSection(SolutionConfigurationPlatforms) = preSolution
		Debug|Any CPU = Debug|Any CPU
		Release|Any CPU = Release|Any CPU
	EndGlobalSection
	GlobalSection(ProjectConfigurationPlatforms) = postSolution
		{2FF28385-FB05-48E5-AF42-612F844FDBBD}.Debug|Any CPU.ActiveCfg = Debug|Any CPU
		{2FF28385-FB05-48E5-AF42-612F844FDBBD}.Debug|Any CPU.Build.0 = Debug|Any CPU
		{2FF28385-FB05-48E5-AF42-612F844FDBBD}.Release|Any CPU.ActiveCfg = Release|Any CPU
		{2FF28385-FB05-48E5-AF42-612F844FDBBD}.Release|Any CPU.Build.0 = Release|Any CPU
	EndGlobalSection
	GlobalSection(SolutionProperties) = preSolution
		HideSolutionNode = FALSE
	EndGlobalSection
	GlobalSection(ExtensibilityGlobals) = postSolution
		SolutionGuid = {9AE4C476-DAF3-4DFD-8069-0B3BBC43A7C6}
	EndGlobalSection
EndGlobal
