
Microsoft Visual Studio Solution File, Format Version 12.00
# Visual Studio Version 17
VisualStudioVersion = 17.14.36414.22 d17.14
MinimumVisualStudioVersion = 10.0.40219.1
Project("{FAE04EC0-301F-11D3-BF4B-00C04F79EFBC}") = "WPF_Layouts_Nathan_Ex2", "WPF_Layouts_Nathan_Ex2.csproj", "{74DFA92A-6CA4-457E-B34B-D393FE804C88}"
EndProject
Global
	GlobalSection(SolutionConfigurationPlatforms) = preSolution
		Debug|Any CPU = Debug|Any CPU
		Release|Any CPU = Release|Any CPU
	EndGlobalSection
	GlobalSection(ProjectConfigurationPlatforms) = postSolution
		{74DFA92A-6CA4-457E-B34B-D393FE804C88}.Debug|Any CPU.ActiveCfg = Debug|Any CPU
		{74DFA92A-6CA4-457E-B34B-D393FE804C88}.Debug|Any CPU.Build.0 = Debug|Any CPU
		{74DFA92A-6CA4-457E-B34B-D393FE804C88}.Release|Any CPU.ActiveCfg = Release|Any CPU
		{74DFA92A-6CA4-457E-B34B-D393FE804C88}.Release|Any CPU.Build.0 = Release|Any CPU
	EndGlobalSection
	GlobalSection(SolutionProperties) = preSolution
		HideSolutionNode = FALSE
	EndGlobalSection
	GlobalSection(ExtensibilityGlobals) = postSolution
		SolutionGuid = {3F968D3F-3454-484A-8905-43515678A12B}
	EndGlobalSection
EndGlobal
