
Microsoft Visual Studio Solution File, Format Version 12.00
# Visual Studio Version 17
VisualStudioVersion = 17.14.36414.22 d17.14
MinimumVisualStudioVersion = 10.0.40219.1
Project("{FAE04EC0-301F-11D3-BF4B-00C04F79EFBC}") = "WPF_Entrainement_Nathan", "WPF_Entrainement_Nathan.csproj", "{451982D1-C5B1-459B-91B1-CC53CAD87C38}"
EndProject
Global
	GlobalSection(SolutionConfigurationPlatforms) = preSolution
		Debug|Any CPU = Debug|Any CPU
		Release|Any CPU = Release|Any CPU
	EndGlobalSection
	GlobalSection(ProjectConfigurationPlatforms) = postSolution
		{451982D1-C5B1-459B-91B1-CC53CAD87C38}.Debug|Any CPU.ActiveCfg = Debug|Any CPU
		{451982D1-C5B1-459B-91B1-CC53CAD87C38}.Debug|Any CPU.Build.0 = Debug|Any CPU
		{451982D1-C5B1-459B-91B1-CC53CAD87C38}.Release|Any CPU.ActiveCfg = Release|Any CPU
		{451982D1-C5B1-459B-91B1-CC53CAD87C38}.Release|Any CPU.Build.0 = Release|Any CPU
	EndGlobalSection
	GlobalSection(SolutionProperties) = preSolution
		HideSolutionNode = FALSE
	EndGlobalSection
	GlobalSection(ExtensibilityGlobals) = postSolution
		SolutionGuid = {6B52F2EE-AD75-483D-9D09-4242B9831EA1}
	EndGlobalSection
EndGlobal
